
Microsoft Visual Studio Solution File, Format Version 12.00
# Visual Studio Version 17
VisualStudioVersion = 17.5.33530.505
MinimumVisualStudioVersion = 10.0.40219.1
Project("{2150E333-8FDC-42A3-9474-1A3956D46DE8}") = "Solution items", "Solution items", "{91C1A904-7F02-4731-8CC5-8D3E55AAD8FB}"
	ProjectSection(SolutionItems) = preProject
		.gitignore = .gitignore
		Dockerfile = Dockerfile
		.github\workflows\dotnet_build.yml = .github\workflows\dotnet_build.yml
		LICENSE = LICENSE
		README.md = README.md
	EndProjectSection
EndProject
Project("{9A19103F-16F7-4668-BE54-9A1E7A4F7556}") = "KingTech.Web.FormGenerator.Abstract.NuGet", "KingTech.Web.FormGenerator.Abstract.NuGet\KingTech.Web.FormGenerator.Abstract.NuGet.csproj", "{8DF49467-E3D9-439F-BD5E-8EEA12A1E4B2}"
EndProject
Project("{9A19103F-16F7-4668-BE54-9A1E7A4F7556}") = "KingTech.Web.FormGenerator.NuGet", "KingTech.Web.FormGenerator.NuGet\KingTech.Web.FormGenerator.NuGet.csproj", "{DE5F814F-4AF5-47A4-B425-F9759036C5DA}"
EndProject
Project("{9A19103F-16F7-4668-BE54-9A1E7A4F7556}") = "KingTech.Web.FormGenerator.Example", "KingTech.Web.FormGenerator.Example\KingTech.Web.FormGenerator.Example.csproj", "{B35646F7-9C23-4656-B6B5-A1022453DC5A}"
EndProject
Global
	GlobalSection(SolutionConfigurationPlatforms) = preSolution
		Debug|Any CPU = Debug|Any CPU
		Release|Any CPU = Release|Any CPU
	EndGlobalSection
	GlobalSection(ProjectConfigurationPlatforms) = postSolution
		{8DF49467-E3D9-439F-BD5E-8EEA12A1E4B2}.Debug|Any CPU.ActiveCfg = Debug|Any CPU
		{8DF49467-E3D9-439F-BD5E-8EEA12A1E4B2}.Debug|Any CPU.Build.0 = Debug|Any CPU
		{8DF49467-E3D9-439F-BD5E-8EEA12A1E4B2}.Release|Any CPU.ActiveCfg = Release|Any CPU
		{8DF49467-E3D9-439F-BD5E-8EEA12A1E4B2}.Release|Any CPU.Build.0 = Release|Any CPU
		{DE5F814F-4AF5-47A4-B425-F9759036C5DA}.Debug|Any CPU.ActiveCfg = Debug|Any CPU
		{DE5F814F-4AF5-47A4-B425-F9759036C5DA}.Debug|Any CPU.Build.0 = Debug|Any CPU
		{DE5F814F-4AF5-47A4-B425-F9759036C5DA}.Release|Any CPU.ActiveCfg = Release|Any CPU
		{DE5F814F-4AF5-47A4-B425-F9759036C5DA}.Release|Any CPU.Build.0 = Release|Any CPU
		{B35646F7-9C23-4656-B6B5-A1022453DC5A}.Debug|Any CPU.ActiveCfg = Debug|Any CPU
		{B35646F7-9C23-4656-B6B5-A1022453DC5A}.Debug|Any CPU.Build.0 = Debug|Any CPU
		{B35646F7-9C23-4656-B6B5-A1022453DC5A}.Release|Any CPU.ActiveCfg = Release|Any CPU
		{B35646F7-9C23-4656-B6B5-A1022453DC5A}.Release|Any CPU.Build.0 = Release|Any CPU
	EndGlobalSection
	GlobalSection(SolutionProperties) = preSolution
		HideSolutionNode = FALSE
	EndGlobalSection
	GlobalSection(ExtensibilityGlobals) = postSolution
		SolutionGuid = {C1670FA6-6BEF-479C-A8B5-A418D39BC228}
	EndGlobalSection
EndGlobal
